
Microsoft Visual Studio Solution File, Format Version 12.00
# Visual Studio 14
VisualStudioVersion = 14.0.25420.1
MinimumVisualStudioVersion = 10.0.40219.1
Project("{FAE04EC0-301F-11D3-BF4B-00C04F79EFBC}") = "ThucPham.WebAPI", "WebAPI\ThucPham.WebAPI.csproj", "{50C6B9E7-98FE-4797-A251-154C2FFCCFC1}"
EndProject
Project("{FAE04EC0-301F-11D3-BF4B-00C04F79EFBC}") = "ThucPham.Data", "ThucPham.Data\ThucPham.Data.csproj", "{90716086-2AAF-4E9B-96B0-1E226F01DC7D}"
EndProject
Project("{FAE04EC0-301F-11D3-BF4B-00C04F79EFBC}") = "ThucPham.Model", "ClassLibrary1\ThucPham.Model.csproj", "{5361DC06-F075-4845-AAC5-7E72F04B49B4}"
EndProject
Project("{FAE04EC0-301F-11D3-BF4B-00C04F79EFBC}") = "ThucPham.Service", "ThucPham.Service\ThucPham.Service.csproj", "{367EF5B0-D8B2-4BF1-9CE0-AD7AFF8DE717}"
EndProject
Project("{FAE04EC0-301F-11D3-BF4B-00C04F79EFBC}") = "ThucPham.Common", "ThucPham.Common\ThucPham.Common.csproj", "{05A7FB2A-A0CF-461F-9CAB-8C8754944DC4}"
EndProject
Global
	GlobalSection(SolutionConfigurationPlatforms) = preSolution
		Debug|Any CPU = Debug|Any CPU
		Release|Any CPU = Release|Any CPU
	EndGlobalSection
	GlobalSection(ProjectConfigurationPlatforms) = postSolution
		{50C6B9E7-98FE-4797-A251-154C2FFCCFC1}.Debug|Any CPU.ActiveCfg = Debug|Any CPU
		{50C6B9E7-98FE-4797-A251-154C2FFCCFC1}.Debug|Any CPU.Build.0 = Debug|Any CPU
		{50C6B9E7-98FE-4797-A251-154C2FFCCFC1}.Release|Any CPU.ActiveCfg = Release|Any CPU
		{50C6B9E7-98FE-4797-A251-154C2FFCCFC1}.Release|Any CPU.Build.0 = Release|Any CPU
		{90716086-2AAF-4E9B-96B0-1E226F01DC7D}.Debug|Any CPU.ActiveCfg = Debug|Any CPU
		{90716086-2AAF-4E9B-96B0-1E226F01DC7D}.Debug|Any CPU.Build.0 = Debug|Any CPU
		{90716086-2AAF-4E9B-96B0-1E226F01DC7D}.Release|Any CPU.ActiveCfg = Release|Any CPU
		{90716086-2AAF-4E9B-96B0-1E226F01DC7D}.Release|Any CPU.Build.0 = Release|Any CPU
		{5361DC06-F075-4845-AAC5-7E72F04B49B4}.Debug|Any CPU.ActiveCfg = Debug|Any CPU
		{5361DC06-F075-4845-AAC5-7E72F04B49B4}.Debug|Any CPU.Build.0 = Debug|Any CPU
		{5361DC06-F075-4845-AAC5-7E72F04B49B4}.Release|Any CPU.ActiveCfg = Release|Any CPU
		{5361DC06-F075-4845-AAC5-7E72F04B49B4}.Release|Any CPU.Build.0 = Release|Any CPU
		{367EF5B0-D8B2-4BF1-9CE0-AD7AFF8DE717}.Debug|Any CPU.ActiveCfg = Debug|Any CPU
		{367EF5B0-D8B2-4BF1-9CE0-AD7AFF8DE717}.Debug|Any CPU.Build.0 = Debug|Any CPU
		{367EF5B0-D8B2-4BF1-9CE0-AD7AFF8DE717}.Release|Any CPU.ActiveCfg = Release|Any CPU
		{367EF5B0-D8B2-4BF1-9CE0-AD7AFF8DE717}.Release|Any CPU.Build.0 = Release|Any CPU
		{05A7FB2A-A0CF-461F-9CAB-8C8754944DC4}.Debug|Any CPU.ActiveCfg = Debug|Any CPU
		{05A7FB2A-A0CF-461F-9CAB-8C8754944DC4}.Debug|Any CPU.Build.0 = Debug|Any CPU
		{05A7FB2A-A0CF-461F-9CAB-8C8754944DC4}.Release|Any CPU.ActiveCfg = Release|Any CPU
		{05A7FB2A-A0CF-461F-9CAB-8C8754944DC4}.Release|Any CPU.Build.0 = Release|Any CPU
	EndGlobalSection
	GlobalSection(SolutionProperties) = preSolution
		HideSolutionNode = FALSE
	EndGlobalSection
EndGlobal
